dependencies:
- name: envy-chart
  repository: file://../envy
  version: 0.5.0
- name: base
  repository: https://blob.istio.io/istio-release/charts
  version: 1.31.0
- name: istiod
  repository: https://blob.istio.io/istio-release/charts
  version: 1.31.0
- name: gateway
  repository: https://blob.istio.io/istio-release/charts
  version: 1.31.0
digest: sha256:945e69d52b65fecd8b7dbcde5c1191e886f0eed189e37e17a1e3a1aa8eb8b65d
generated: "2026-09-20T22:06:29.697914+01:00"
