dependencies:
- name: envy-chart
  repository: file://../envy
  version: 0.6.0
- name: base
  repository: https://blob.istio.io/istio-release/charts
  version: 1.31.0
- name: istiod
  repository: https://blob.istio.io/istio-release/charts
  version: 1.31.0
- name: gateway
  repository: https://blob.istio.io/istio-release/charts
  version: 1.31.0
digest: sha256:17d0920049e114f70e1a226d6eaa1a825fa6eec98c35c379fe832a3511523e5d
generated: "2026-09-22T00:13:26.05892+01:00"
